
Microsoft Visual Studio Solution File, Format Version 12.00
# Visual Studio 15
VisualStudioVersion = 15.0.28307.572
MinimumVisualStudioVersion = 10.0.40219.1
Project("{FAE04EC0-301F-11D3-BF4B-00C04F79EFBC}") = "IHRO", "IHRO\IHRO.csproj", "{9A971F2B-D053-4089-A302-DD624D332560}"
EndProject
Project("{FAE04EC0-301F-11D3-BF4B-00C04F79EFBC}") = "Api_IHRO", "Api_IHRO\Api_IHRO.csproj", "{10E22F3F-12E8-4650-97EF-7DC03553DFC7}"
EndProject
Global
	GlobalSection(SolutionConfigurationPlatforms) = preSolution
		Debug|Any CPU = Debug|Any CPU
		Release|Any CPU = Release|Any CPU
	EndGlobalSection
	GlobalSection(ProjectConfigurationPlatforms) = postSolution
		{9A971F2B-D053-4089-A302-DD624D332560}.Debug|Any CPU.ActiveCfg = Debug|Any CPU
		{9A971F2B-D053-4089-A302-DD624D332560}.Debug|Any CPU.Build.0 = Debug|Any CPU
		{9A971F2B-D053-4089-A302-DD624D332560}.Release|Any CPU.ActiveCfg = Release|Any CPU
		{9A971F2B-D053-4089-A302-DD624D332560}.Release|Any CPU.Build.0 = Release|Any CPU
		{10E22F3F-12E8-4650-97EF-7DC03553DFC7}.Debug|Any CPU.ActiveCfg = Debug|Any CPU
		{10E22F3F-12E8-4650-97EF-7DC03553DFC7}.Debug|Any CPU.Build.0 = Debug|Any CPU
		{10E22F3F-12E8-4650-97EF-7DC03553DFC7}.Release|Any CPU.ActiveCfg = Release|Any CPU
		{10E22F3F-12E8-4650-97EF-7DC03553DFC7}.Release|Any CPU.Build.0 = Release|Any CPU
	EndGlobalSection
	GlobalSection(SolutionProperties) = preSolution
		HideSolutionNode = FALSE
	EndGlobalSection
	GlobalSection(ExtensibilityGlobals) = postSolution
		SolutionGuid = {676BC26D-7D9E-4CD7-BE7F-85FB74D342CA}
	EndGlobalSection
EndGlobal
